
Microsoft Visual Studio Solution File, Format Version 12.00
# Visual Studio Version 16
VisualStudioVersion = 16.0.31729.503
MinimumVisualStudioVersion = 10.0.40219.1
Project("{9A19103F-16F7-4668-BE54-9A1E7A4F7556}") = "FirstProject", "FirstProject.csproj", "{32282D22-B5BF-4142-8068-ACF9D9B140DE}"
EndProject
Global
	GlobalSection(SolutionConfigurationPlatforms) = preSolution
		Debug|Any CPU = Debug|Any CPU
		Release|Any CPU = Release|Any CPU
	EndGlobalSection
	GlobalSection(ProjectConfigurationPlatforms) = postSolution
		{32282D22-B5BF-4142-8068-ACF9D9B140DE}.Debug|Any CPU.ActiveCfg = Debug|Any CPU
		{32282D22-B5BF-4142-8068-ACF9D9B140DE}.Debug|Any CPU.Build.0 = Debug|Any CPU
		{32282D22-B5BF-4142-8068-ACF9D9B140DE}.Release|Any CPU.ActiveCfg = Release|Any CPU
		{32282D22-B5BF-4142-8068-ACF9D9B140DE}.Release|Any CPU.Build.0 = Release|Any CPU
	EndGlobalSection
	GlobalSection(SolutionProperties) = preSolution
		HideSolutionNode = FALSE
	EndGlobalSection
	GlobalSection(ExtensibilityGlobals) = postSolution
		SolutionGuid = {2AA2EA7F-A867-465A-A68E-51A7BA8E495B}
	EndGlobalSection
EndGlobal
